github.com/cubewise-code/go-mime v0.0.0-20200519001935-8c5762b177d8 h1:Z9lwXumT5ACSmJ7WGnFl+OMLLjpz5uR2fyz7dC255FI=
github.com/cubewise-code/go-mime v0.0.0-20200519001935-8c5762b177d8/go.mod h1:4abs/jPXcmJzYoYGF91JF9Uq9s/KL5n1jvFDix8KcqY=
github.com/h2non/filetype v1.1.1 h1:xvOwnXKAckvtLWsN398qS9QhlxlnVXBjXBydK2/UFB4=
github.com/h2non/filetype v1.1.1/go.mod h1:319b3zT68BvV+WRj7cwy856M2ehB3HqNOt6sy1HndBY=
